
Microsoft Visual Studio Solution File, Format Version 12.00
# Visual Studio 15
VisualStudioVersion = 15.0.28307.271
MinimumVisualStudioVersion = 10.0.40219.1
Project("{FAE04EC0-301F-11D3-BF4B-00C04F79EFBC}") = "Ex01", "Ex01\Ex01.csproj", "{15B23EB4-E6A8-486E-9102-2BCBDE01CA3E}"
EndProject
Project("{FAE04EC0-301F-11D3-BF4B-00C04F79EFBC}") = "Ex02", "Ex02\Ex02.csproj", "{EB7F4A6A-3635-4610-A370-6F087D370A58}"
EndProject
Project("{FAE04EC0-301F-11D3-BF4B-00C04F79EFBC}") = "Ex05", "Ex05\Ex05.csproj", "{7FD24702-0BDC-49BD-85FC-E51C21899917}"
EndProject
Global
	GlobalSection(SolutionConfigurationPlatforms) = preSolution
		Debug|Any CPU = Debug|Any CPU
		Release|Any CPU = Release|Any CPU
	EndGlobalSection
	GlobalSection(ProjectConfigurationPlatforms) = postSolution
		{15B23EB4-E6A8-486E-9102-2BCBDE01CA3E}.Debug|Any CPU.ActiveCfg = Debug|Any CPU
		{15B23EB4-E6A8-486E-9102-2BCBDE01CA3E}.Debug|Any CPU.Build.0 = Debug|Any CPU
		{15B23EB4-E6A8-486E-9102-2BCBDE01CA3E}.Release|Any CPU.ActiveCfg = Release|Any CPU
		{15B23EB4-E6A8-486E-9102-2BCBDE01CA3E}.Release|Any CPU.Build.0 = Release|Any CPU
		{EB7F4A6A-3635-4610-A370-6F087D370A58}.Debug|Any CPU.ActiveCfg = Debug|Any CPU
		{EB7F4A6A-3635-4610-A370-6F087D370A58}.Debug|Any CPU.Build.0 = Debug|Any CPU
		{EB7F4A6A-3635-4610-A370-6F087D370A58}.Release|Any CPU.ActiveCfg = Release|Any CPU
		{EB7F4A6A-3635-4610-A370-6F087D370A58}.Release|Any CPU.Build.0 = Release|Any CPU
		{7FD24702-0BDC-49BD-85FC-E51C21899917}.Debug|Any CPU.ActiveCfg = Debug|Any CPU
		{7FD24702-0BDC-49BD-85FC-E51C21899917}.Debug|Any CPU.Build.0 = Debug|Any CPU
		{7FD24702-0BDC-49BD-85FC-E51C21899917}.Release|Any CPU.ActiveCfg = Release|Any CPU
		{7FD24702-0BDC-49BD-85FC-E51C21899917}.Release|Any CPU.Build.0 = Release|Any CPU
	EndGlobalSection
	GlobalSection(SolutionProperties) = preSolution
		HideSolutionNode = FALSE
	EndGlobalSection
	GlobalSection(ExtensibilityGlobals) = postSolution
		SolutionGuid = {C49DC2F1-B136-400C-B7D0-5A5208771A96}
	EndGlobalSection
EndGlobal
