
Microsoft Visual Studio Solution File, Format Version 12.00
# Visual Studio 15
VisualStudioVersion = 15.0.28307.168
MinimumVisualStudioVersion = 10.0.40219.1
Project("{FAE04EC0-301F-11D3-BF4B-00C04F79EFBC}") = "Ex01", "Ex01\Ex01.csproj", "{8F80DE0A-3BD6-4B3E-8375-1B62018925D2}"
EndProject
Project("{FAE04EC0-301F-11D3-BF4B-00C04F79EFBC}") = "Ex02", "Ex02_\Ex02.csproj", "{BFD35057-B43E-4DB4-8E07-B45B4E62405D}"
EndProject
Project("{FAE04EC0-301F-11D3-BF4B-00C04F79EFBC}") = "Ex03_", "Ex03_\Ex03_.csproj", "{944A0C52-A66C-40A6-8FE5-30602596DEEF}"
EndProject
Project("{FAE04EC0-301F-11D3-BF4B-00C04F79EFBC}") = "Ex04_", "Ex04_\Ex04_.csproj", "{08093C93-94A6-4A7C-96E5-DA8558CF1AF1}"
EndProject
Project("{FAE04EC0-301F-11D3-BF4B-00C04F79EFBC}") = "Ex05", "Ex05\Ex05.csproj", "{C4E31CF9-BEB9-4118-9B77-8935564344ED}"
EndProject
Global
	GlobalSection(SolutionConfigurationPlatforms) = preSolution
		Debug|Any CPU = Debug|Any CPU
		Release|Any CPU = Release|Any CPU
	EndGlobalSection
	GlobalSection(ProjectConfigurationPlatforms) = postSolution
		{8F80DE0A-3BD6-4B3E-8375-1B62018925D2}.Debug|Any CPU.ActiveCfg = Debug|Any CPU
		{8F80DE0A-3BD6-4B3E-8375-1B62018925D2}.Debug|Any CPU.Build.0 = Debug|Any CPU
		{8F80DE0A-3BD6-4B3E-8375-1B62018925D2}.Release|Any CPU.ActiveCfg = Release|Any CPU
		{8F80DE0A-3BD6-4B3E-8375-1B62018925D2}.Release|Any CPU.Build.0 = Release|Any CPU
		{BFD35057-B43E-4DB4-8E07-B45B4E62405D}.Debug|Any CPU.ActiveCfg = Debug|Any CPU
		{BFD35057-B43E-4DB4-8E07-B45B4E62405D}.Debug|Any CPU.Build.0 = Debug|Any CPU
		{BFD35057-B43E-4DB4-8E07-B45B4E62405D}.Release|Any CPU.ActiveCfg = Release|Any CPU
		{BFD35057-B43E-4DB4-8E07-B45B4E62405D}.Release|Any CPU.Build.0 = Release|Any CPU
		{944A0C52-A66C-40A6-8FE5-30602596DEEF}.Debug|Any CPU.ActiveCfg = Debug|Any CPU
		{944A0C52-A66C-40A6-8FE5-30602596DEEF}.Debug|Any CPU.Build.0 = Debug|Any CPU
		{944A0C52-A66C-40A6-8FE5-30602596DEEF}.Release|Any CPU.ActiveCfg = Release|Any CPU
		{944A0C52-A66C-40A6-8FE5-30602596DEEF}.Release|Any CPU.Build.0 = Release|Any CPU
		{08093C93-94A6-4A7C-96E5-DA8558CF1AF1}.Debug|Any CPU.ActiveCfg = Debug|Any CPU
		{08093C93-94A6-4A7C-96E5-DA8558CF1AF1}.Debug|Any CPU.Build.0 = Debug|Any CPU
		{08093C93-94A6-4A7C-96E5-DA8558CF1AF1}.Release|Any CPU.ActiveCfg = Release|Any CPU
		{08093C93-94A6-4A7C-96E5-DA8558CF1AF1}.Release|Any CPU.Build.0 = Release|Any CPU
		{C4E31CF9-BEB9-4118-9B77-8935564344ED}.Debug|Any CPU.ActiveCfg = Debug|Any CPU
		{C4E31CF9-BEB9-4118-9B77-8935564344ED}.Debug|Any CPU.Build.0 = Debug|Any CPU
		{C4E31CF9-BEB9-4118-9B77-8935564344ED}.Release|Any CPU.ActiveCfg = Release|Any CPU
		{C4E31CF9-BEB9-4118-9B77-8935564344ED}.Release|Any CPU.Build.0 = Release|Any CPU
	EndGlobalSection
	GlobalSection(SolutionProperties) = preSolution
		HideSolutionNode = FALSE
	EndGlobalSection
	GlobalSection(ExtensibilityGlobals) = postSolution
		SolutionGuid = {0C60F689-6C97-473E-9321-9871E74ECCA2}
	EndGlobalSection
EndGlobal
