
Microsoft Visual Studio Solution File, Format Version 12.00
# Visual Studio 15
VisualStudioVersion = 15.0.28307.168
MinimumVisualStudioVersion = 10.0.40219.1
Project("{FAE04EC0-301F-11D3-BF4B-00C04F79EFBC}") = "Ex02", "D:\Lista20\Ex02\Ex02.csproj", "{4CCAA573-8FC2-4C04-8B1A-648537FA26AB}"
EndProject
Project("{FAE04EC0-301F-11D3-BF4B-00C04F79EFBC}") = "Ex03", "D:\Lista20\Ex03\Ex03.csproj", "{B37A9C9A-5400-45D4-839F-073E7F43F4F1}"
EndProject
Project("{FAE04EC0-301F-11D3-BF4B-00C04F79EFBC}") = "Ex04", "D:\Lista20\Ex04\Ex04.csproj", "{4D1DB3F4-B0AD-4C7F-A4FD-1ADEB689ABD2}"
EndProject
Project("{FAE04EC0-301F-11D3-BF4B-00C04F79EFBC}") = "Ex07 - WPF", "D:\Lista20\Ex07 - WPF\Ex07 - WPF.csproj", "{98891DD3-378B-4D06-BB4F-96A86C7E623B}"
EndProject
Project("{FAE04EC0-301F-11D3-BF4B-00C04F79EFBC}") = "Ex01", "D:\Lista20\Ex01\Ex01.csproj", "{65AA1869-E2F6-4D9C-8BA9-0F5088ED9572}"
EndProject
Project("{FAE04EC0-301F-11D3-BF4B-00C04F79EFBC}") = "Ex05", "Ex05\Ex05.csproj", "{DE8424CE-FB51-4094-A590-C4AA4E6658F2}"
EndProject
Project("{FAE04EC0-301F-11D3-BF4B-00C04F79EFBC}") = "Ex06", "Ex06\Ex06.csproj", "{1F6A609B-60F4-47CE-BE29-DEF6111F01D3}"
EndProject
Global
	GlobalSection(SolutionConfigurationPlatforms) = preSolution
		Debug|Any CPU = Debug|Any CPU
		Release|Any CPU = Release|Any CPU
	EndGlobalSection
	GlobalSection(ProjectConfigurationPlatforms) = postSolution
		{4CCAA573-8FC2-4C04-8B1A-648537FA26AB}.Debug|Any CPU.ActiveCfg = Debug|Any CPU
		{4CCAA573-8FC2-4C04-8B1A-648537FA26AB}.Debug|Any CPU.Build.0 = Debug|Any CPU
		{4CCAA573-8FC2-4C04-8B1A-648537FA26AB}.Release|Any CPU.ActiveCfg = Release|Any CPU
		{4CCAA573-8FC2-4C04-8B1A-648537FA26AB}.Release|Any CPU.Build.0 = Release|Any CPU
		{B37A9C9A-5400-45D4-839F-073E7F43F4F1}.Debug|Any CPU.ActiveCfg = Debug|Any CPU
		{B37A9C9A-5400-45D4-839F-073E7F43F4F1}.Debug|Any CPU.Build.0 = Debug|Any CPU
		{B37A9C9A-5400-45D4-839F-073E7F43F4F1}.Release|Any CPU.ActiveCfg = Release|Any CPU
		{B37A9C9A-5400-45D4-839F-073E7F43F4F1}.Release|Any CPU.Build.0 = Release|Any CPU
		{4D1DB3F4-B0AD-4C7F-A4FD-1ADEB689ABD2}.Debug|Any CPU.ActiveCfg = Debug|Any CPU
		{4D1DB3F4-B0AD-4C7F-A4FD-1ADEB689ABD2}.Debug|Any CPU.Build.0 = Debug|Any CPU
		{4D1DB3F4-B0AD-4C7F-A4FD-1ADEB689ABD2}.Release|Any CPU.ActiveCfg = Release|Any CPU
		{4D1DB3F4-B0AD-4C7F-A4FD-1ADEB689ABD2}.Release|Any CPU.Build.0 = Release|Any CPU
		{98891DD3-378B-4D06-BB4F-96A86C7E623B}.Debug|Any CPU.ActiveCfg = Debug|Any CPU
		{98891DD3-378B-4D06-BB4F-96A86C7E623B}.Debug|Any CPU.Build.0 = Debug|Any CPU
		{98891DD3-378B-4D06-BB4F-96A86C7E623B}.Release|Any CPU.ActiveCfg = Release|Any CPU
		{98891DD3-378B-4D06-BB4F-96A86C7E623B}.Release|Any CPU.Build.0 = Release|Any CPU
		{65AA1869-E2F6-4D9C-8BA9-0F5088ED9572}.Debug|Any CPU.ActiveCfg = Debug|Any CPU
		{65AA1869-E2F6-4D9C-8BA9-0F5088ED9572}.Debug|Any CPU.Build.0 = Debug|Any CPU
		{65AA1869-E2F6-4D9C-8BA9-0F5088ED9572}.Release|Any CPU.ActiveCfg = Release|Any CPU
		{65AA1869-E2F6-4D9C-8BA9-0F5088ED9572}.Release|Any CPU.Build.0 = Release|Any CPU
		{DE8424CE-FB51-4094-A590-C4AA4E6658F2}.Debug|Any CPU.ActiveCfg = Debug|Any CPU
		{DE8424CE-FB51-4094-A590-C4AA4E6658F2}.Debug|Any CPU.Build.0 = Debug|Any CPU
		{DE8424CE-FB51-4094-A590-C4AA4E6658F2}.Release|Any CPU.ActiveCfg = Release|Any CPU
		{DE8424CE-FB51-4094-A590-C4AA4E6658F2}.Release|Any CPU.Build.0 = Release|Any CPU
		{1F6A609B-60F4-47CE-BE29-DEF6111F01D3}.Debug|Any CPU.ActiveCfg = Debug|Any CPU
		{1F6A609B-60F4-47CE-BE29-DEF6111F01D3}.Debug|Any CPU.Build.0 = Debug|Any CPU
		{1F6A609B-60F4-47CE-BE29-DEF6111F01D3}.Release|Any CPU.ActiveCfg = Release|Any CPU
		{1F6A609B-60F4-47CE-BE29-DEF6111F01D3}.Release|Any CPU.Build.0 = Release|Any CPU
	EndGlobalSection
	GlobalSection(SolutionProperties) = preSolution
		HideSolutionNode = FALSE
	EndGlobalSection
	GlobalSection(ExtensibilityGlobals) = postSolution
		SolutionGuid = {12690F2C-3671-4592-A8C1-87C465D03090}
	EndGlobalSection
EndGlobal
