
Microsoft Visual Studio Solution File, Format Version 12.00
# Visual Studio 15
VisualStudioVersion = 15.0.28307.168
MinimumVisualStudioVersion = 10.0.40219.1
Project("{FAE04EC0-301F-11D3-BF4B-00C04F79EFBC}") = "Ex05", "Ex05\Ex05.csproj", "{DE8424CE-FB51-4094-A590-C4AA4E6658F2}"
EndProject
Project("{FAE04EC0-301F-11D3-BF4B-00C04F79EFBC}") = "Ex06", "Ex06\Ex06.csproj", "{1F6A609B-60F4-47CE-BE29-DEF6111F01D3}"
EndProject
Project("{FAE04EC0-301F-11D3-BF4B-00C04F79EFBC}") = "Ex08 - WPF", "Ex08 - WPF\Ex08 - WPF.csproj", "{1A551044-ED02-4D73-98F8-8D85C88ADE5D}"
EndProject
Project("{FAE04EC0-301F-11D3-BF4B-00C04F79EFBC}") = "Ex01", "Ex01\Ex01.csproj", "{65AA1869-E2F6-4D9C-8BA9-0F5088ED9572}"
EndProject
Global
	GlobalSection(SolutionConfigurationPlatforms) = preSolution
		Debug|Any CPU = Debug|Any CPU
		Release|Any CPU = Release|Any CPU
	EndGlobalSection
	GlobalSection(ProjectConfigurationPlatforms) = postSolution
		{DE8424CE-FB51-4094-A590-C4AA4E6658F2}.Debug|Any CPU.ActiveCfg = Debug|Any CPU
		{DE8424CE-FB51-4094-A590-C4AA4E6658F2}.Debug|Any CPU.Build.0 = Debug|Any CPU
		{DE8424CE-FB51-4094-A590-C4AA4E6658F2}.Release|Any CPU.ActiveCfg = Release|Any CPU
		{DE8424CE-FB51-4094-A590-C4AA4E6658F2}.Release|Any CPU.Build.0 = Release|Any CPU
		{1F6A609B-60F4-47CE-BE29-DEF6111F01D3}.Debug|Any CPU.ActiveCfg = Debug|Any CPU
		{1F6A609B-60F4-47CE-BE29-DEF6111F01D3}.Debug|Any CPU.Build.0 = Debug|Any CPU
		{1F6A609B-60F4-47CE-BE29-DEF6111F01D3}.Release|Any CPU.ActiveCfg = Release|Any CPU
		{1F6A609B-60F4-47CE-BE29-DEF6111F01D3}.Release|Any CPU.Build.0 = Release|Any CPU
		{1A551044-ED02-4D73-98F8-8D85C88ADE5D}.Debug|Any CPU.ActiveCfg = Debug|Any CPU
		{1A551044-ED02-4D73-98F8-8D85C88ADE5D}.Debug|Any CPU.Build.0 = Debug|Any CPU
		{1A551044-ED02-4D73-98F8-8D85C88ADE5D}.Release|Any CPU.ActiveCfg = Release|Any CPU
		{1A551044-ED02-4D73-98F8-8D85C88ADE5D}.Release|Any CPU.Build.0 = Release|Any CPU
		{65AA1869-E2F6-4D9C-8BA9-0F5088ED9572}.Debug|Any CPU.ActiveCfg = Debug|Any CPU
		{65AA1869-E2F6-4D9C-8BA9-0F5088ED9572}.Debug|Any CPU.Build.0 = Debug|Any CPU
		{65AA1869-E2F6-4D9C-8BA9-0F5088ED9572}.Release|Any CPU.ActiveCfg = Release|Any CPU
		{65AA1869-E2F6-4D9C-8BA9-0F5088ED9572}.Release|Any CPU.Build.0 = Release|Any CPU
	EndGlobalSection
	GlobalSection(SolutionProperties) = preSolution
		HideSolutionNode = FALSE
	EndGlobalSection
	GlobalSection(ExtensibilityGlobals) = postSolution
		SolutionGuid = {12690F2C-3671-4592-A8C1-87C465D03090}
	EndGlobalSection
EndGlobal
